
Microsoft Visual Studio Solution File, Format Version 12.00
# Visual Studio Version 17
VisualStudioVersion = 17.0.31903.59
MinimumVisualStudioVersion = 10.0.40219.1
Project("{2150E333-8FDC-42A3-9474-1A3956D46DE8}") = "src", "src", "{E12A9232-4A69-49C2-B63E-0D84EFAF5BCE}"
EndProject
Project("{FAE04EC0-301F-11D3-BF4B-00C04F79EFBC}") = "GG2.Core", "src\GG2.Core\GG2.Core.csproj", "{332E8C7B-E83F-4167-B5A3-0045E400EEA1}"
EndProject
Project("{FAE04EC0-301F-11D3-BF4B-00C04F79EFBC}") = "GG2.Protocol", "src\GG2.Protocol\GG2.Protocol.csproj", "{9B7D17E5-E720-4639-9302-759420F6573F}"
EndProject
Project("{FAE04EC0-301F-11D3-BF4B-00C04F79EFBC}") = "GG2.Client", "src\GG2.Client\GG2.Client.csproj", "{FA848EEC-6E00-48AB-A393-C7FF959AA71A}"
EndProject
Project("{FAE04EC0-301F-11D3-BF4B-00C04F79EFBC}") = "GG2.Server", "src\GG2.Server\GG2.Server.csproj", "{086A1976-7A90-4EFC-94BD-36E51ADC17AF}"
EndProject
Project("{FAE04EC0-301F-11D3-BF4B-00C04F79EFBC}") = "GG2.Core.Tests", "src\GG2.Core.Tests\GG2.Core.Tests.csproj", "{E30F68B3-8FE8-4A0A-9808-53C7A82E9F7F}"
EndProject
Project("{FAE04EC0-301F-11D3-BF4B-00C04F79EFBC}") = "GG2.Server.Tests", "src\GG2.Server.Tests\GG2.Server.Tests.csproj", "{7C84B979-707D-42A7-9057-3AFC3C6FF2AE}"
EndProject
Project("{FAE04EC0-301F-11D3-BF4B-00C04F79EFBC}") = "GG2.ServerLauncher", "src\GG2.ServerLauncher\GG2.ServerLauncher.csproj", "{CA757299-6506-4A6E-8173-1D33327F0AA0}"
EndProject
Global
	GlobalSection(SolutionConfigurationPlatforms) = preSolution
		Debug|Any CPU = Debug|Any CPU
		Release|Any CPU = Release|Any CPU
	EndGlobalSection
	GlobalSection(SolutionProperties) = preSolution
		HideSolutionNode = FALSE
	EndGlobalSection
	GlobalSection(ProjectConfigurationPlatforms) = postSolution
		{332E8C7B-E83F-4167-B5A3-0045E400EEA1}.Debug|Any CPU.ActiveCfg = Debug|Any CPU
		{332E8C7B-E83F-4167-B5A3-0045E400EEA1}.Debug|Any CPU.Build.0 = Debug|Any CPU
		{332E8C7B-E83F-4167-B5A3-0045E400EEA1}.Release|Any CPU.ActiveCfg = Release|Any CPU
		{332E8C7B-E83F-4167-B5A3-0045E400EEA1}.Release|Any CPU.Build.0 = Release|Any CPU
		{9B7D17E5-E720-4639-9302-759420F6573F}.Debug|Any CPU.ActiveCfg = Debug|Any CPU
		{9B7D17E5-E720-4639-9302-759420F6573F}.Debug|Any CPU.Build.0 = Debug|Any CPU
		{9B7D17E5-E720-4639-9302-759420F6573F}.Release|Any CPU.ActiveCfg = Release|Any CPU
		{9B7D17E5-E720-4639-9302-759420F6573F}.Release|Any CPU.Build.0 = Release|Any CPU
		{FA848EEC-6E00-48AB-A393-C7FF959AA71A}.Debug|Any CPU.ActiveCfg = Debug|Any CPU
		{FA848EEC-6E00-48AB-A393-C7FF959AA71A}.Debug|Any CPU.Build.0 = Debug|Any CPU
		{FA848EEC-6E00-48AB-A393-C7FF959AA71A}.Release|Any CPU.ActiveCfg = Release|Any CPU
		{FA848EEC-6E00-48AB-A393-C7FF959AA71A}.Release|Any CPU.Build.0 = Release|Any CPU
		{086A1976-7A90-4EFC-94BD-36E51ADC17AF}.Debug|Any CPU.ActiveCfg = Debug|Any CPU
		{086A1976-7A90-4EFC-94BD-36E51ADC17AF}.Debug|Any CPU.Build.0 = Debug|Any CPU
		{086A1976-7A90-4EFC-94BD-36E51ADC17AF}.Release|Any CPU.ActiveCfg = Release|Any CPU
		{086A1976-7A90-4EFC-94BD-36E51ADC17AF}.Release|Any CPU.Build.0 = Release|Any CPU
		{E30F68B3-8FE8-4A0A-9808-53C7A82E9F7F}.Debug|Any CPU.ActiveCfg = Debug|Any CPU
		{E30F68B3-8FE8-4A0A-9808-53C7A82E9F7F}.Debug|Any CPU.Build.0 = Debug|Any CPU
		{E30F68B3-8FE8-4A0A-9808-53C7A82E9F7F}.Release|Any CPU.ActiveCfg = Release|Any CPU
		{E30F68B3-8FE8-4A0A-9808-53C7A82E9F7F}.Release|Any CPU.Build.0 = Release|Any CPU
		{7C84B979-707D-42A7-9057-3AFC3C6FF2AE}.Debug|Any CPU.ActiveCfg = Debug|Any CPU
		{7C84B979-707D-42A7-9057-3AFC3C6FF2AE}.Debug|Any CPU.Build.0 = Debug|Any CPU
		{7C84B979-707D-42A7-9057-3AFC3C6FF2AE}.Release|Any CPU.ActiveCfg = Release|Any CPU
		{7C84B979-707D-42A7-9057-3AFC3C6FF2AE}.Release|Any CPU.Build.0 = Release|Any CPU
		{CA757299-6506-4A6E-8173-1D33327F0AA0}.Debug|Any CPU.ActiveCfg = Debug|Any CPU
		{CA757299-6506-4A6E-8173-1D33327F0AA0}.Debug|Any CPU.Build.0 = Debug|Any CPU
		{CA757299-6506-4A6E-8173-1D33327F0AA0}.Release|Any CPU.ActiveCfg = Release|Any CPU
		{CA757299-6506-4A6E-8173-1D33327F0AA0}.Release|Any CPU.Build.0 = Release|Any CPU
	EndGlobalSection
	GlobalSection(NestedProjects) = preSolution
		{332E8C7B-E83F-4167-B5A3-0045E400EEA1} = {E12A9232-4A69-49C2-B63E-0D84EFAF5BCE}
		{9B7D17E5-E720-4639-9302-759420F6573F} = {E12A9232-4A69-49C2-B63E-0D84EFAF5BCE}
		{FA848EEC-6E00-48AB-A393-C7FF959AA71A} = {E12A9232-4A69-49C2-B63E-0D84EFAF5BCE}
		{086A1976-7A90-4EFC-94BD-36E51ADC17AF} = {E12A9232-4A69-49C2-B63E-0D84EFAF5BCE}
		{E30F68B3-8FE8-4A0A-9808-53C7A82E9F7F} = {E12A9232-4A69-49C2-B63E-0D84EFAF5BCE}
		{7C84B979-707D-42A7-9057-3AFC3C6FF2AE} = {E12A9232-4A69-49C2-B63E-0D84EFAF5BCE}
		{CA757299-6506-4A6E-8173-1D33327F0AA0} = {E12A9232-4A69-49C2-B63E-0D84EFAF5BCE}
	EndGlobalSection
EndGlobal
